
Microsoft Visual Studio Solution File, Format Version 12.00
# Visual Studio Version 16
VisualStudioVersion = 16.0.30330.147
MinimumVisualStudioVersion = 10.0.40219.1
Project("{FAE04EC0-301F-11D3-BF4B-00C04F79EFBC}") = "IOTools", "IOTools.csproj", "{B93FF5DB-FFEF-4F81-812E-F5FDF8CDFBBE}"
EndProject
Global
	GlobalSection(SolutionConfigurationPlatforms) = preSolution
		Debug|Any CPU = Debug|Any CPU
		Release|Any CPU = Release|Any CPU
	EndGlobalSection
	GlobalSection(ProjectConfigurationPlatforms) = postSolution
		{B93FF5DB-FFEF-4F81-812E-F5FDF8CDFBBE}.Debug|Any CPU.ActiveCfg = Debug|Any CPU
		{B93FF5DB-FFEF-4F81-812E-F5FDF8CDFBBE}.Debug|Any CPU.Build.0 = Debug|Any CPU
		{B93FF5DB-FFEF-4F81-812E-F5FDF8CDFBBE}.Release|Any CPU.ActiveCfg = Release|Any CPU
		{B93FF5DB-FFEF-4F81-812E-F5FDF8CDFBBE}.Release|Any CPU.Build.0 = Release|Any CPU
	EndGlobalSection
	GlobalSection(SolutionProperties) = preSolution
		HideSolutionNode = FALSE
	EndGlobalSection
	GlobalSection(ExtensibilityGlobals) = postSolution
		SolutionGuid = {3C1DCF6A-7C74-4295-BAD8-89240E2646A8}
	EndGlobalSection
EndGlobal
